# THIS IS AN AUTOGENERATED FILE. DO NOT EDIT THIS FILE DIRECTLY.
# yarn lockfile v1


camelcase@^5.0.0:
  version "5.3.1"
  resolved "https://registry.yarnpkg.com/camelcase/-/camelcase-5.3.1.tgz#e3c9b31569e106811df242f715725a1f4c494320"
  integrity sha512-L28STB170nwWS63UjtlEOE3dldQApaJXZkOI1uMFfzf3rRuPegHaHesyee+YxQ+W6SvRDQV6UrdOdRiR153wJg==

moment@^2.27.0:
  version "2.27.0"
  resolved "https://registry.yarnpkg.com/moment/-/moment-2.27.0.tgz#8bff4e3e26a236220dfe3e36de756b6ebaa0105d"
  integrity sha512-al0MUK7cpIcglMv3YF13qSgdAIqxHTO7brRtaz3DlSULbqfazqkc5kEjNrLDOM7fsjshoFIihnU8snrP7zUvhQ==

react-icons@^3.10.0:
  version "3.10.0"
  resolved "https://registry.yarnpkg.com/react-icons/-/react-icons-3.10.0.tgz#6c217a2dde2e8fa8d293210023914b123f317297"
  integrity sha512-WsQ5n1JToG9VixWilSo1bHv842Cj5aZqTGiS3Ud47myF6aK7S/IUY2+dHcBdmkQcCFRuHsJ9OMUI0kTDfjyZXQ==
  dependencies:
    camelcase "^5.0.0"
